{
  "originHash" : "84dd5493ebd8d2de062bc06e48bd902567cbef37b7b5cb4f85a4cb1d35a1f36f",
  "pins" : [
    {
      "identity" : "inputbaraccessoryview",
      "kind" : "remoteSourceControl",
      "location" : "https://github.com/nathantannar4/InputBarAccessoryView",
      "state" : {
        "revision" : "0451bb8bebff4da089f15d440aaa1740fee29ce6",
        "version" : "7.0.2"
      }
    },
    {
      "identity" : "messageinputbar",
      "kind" : "remoteSourceControl",
      "location" : "https://github.com/lumiasaki/MessageInputBar",
      "state" : {
        "revision" : "fce9174479292c0dc63eafb3111deff377ff6dcb",
        "version" : "0.1.2"
      }
    },
    {
      "identity" : "messagekit",
      "kind" : "remoteSourceControl",
      "location" : "https://github.com/MessageKit/MessageKit",
      "state" : {
        "revision" : "dc48356f830d40de5acc0e126a44257d0a1329b6",
        "version" : "5.0.0"
      }
    }
  ],
  "version" : 3
}
